
Microsoft Visual Studio Solution File, Format Version 11.00
# Visual Studio 2010
Project("{F184B08F-C81C-45F6-A57F-5ABD9991F28F}") = "digitalR", "digitalR\digitalR.vbproj", "{5ECB34A5-030D-43DC-A2F7-882434FA05AE}"
EndProject
Global
	GlobalSection(SolutionConfigurationPlatforms) = preSolution
		Debug|x86 = Debug|x86
		Release|x86 = Release|x86
	EndGlobalSection
	GlobalSection(ProjectConfigurationPlatforms) = postSolution
		{5ECB34A5-030D-43DC-A2F7-882434FA05AE}.Debug|x86.ActiveCfg = Debug|x86
		{5ECB34A5-030D-43DC-A2F7-882434FA05AE}.Debug|x86.Build.0 = Debug|x86
		{5ECB34A5-030D-43DC-A2F7-882434FA05AE}.Release|x86.ActiveCfg = Release|x86
		{5ECB34A5-030D-43DC-A2F7-882434FA05AE}.Release|x86.Build.0 = Release|x86
	EndGlobalSection
	GlobalSection(SolutionProperties) = preSolution
		HideSolutionNode = FALSE
	EndGlobalSection
EndGlobal
